{
  "nodes": {
    "nixpkgs": {
      "locked": {
        "lastModified": 1707092445,
        "narHash": "sha256-8oAnZqMBZOPDwD307UiaWUunjtH4AF+yv7uebMWPyU8=",
        "owner": "NixOS",
        "repo": "nixpkgs",
        "rev": "6809a1103475899f43d0990b7ca0aacc58ee5d84",
        "type": "github"
      },
      "original": {
        "id": "nixpkgs",
        "type": "indirect"
      }
    },
    "root": {
      "inputs": {
        "nixpkgs": "nixpkgs"
      }
    }
  },
  "root": "root",
  "version": 7
}
